// !$*UTF8*$!
{
	archiveVersion = 1;
	classes = {
	};
	objectVersion = 56;
	objects = {

/* Begin PBXBuildFile section */
		380A9FE128FDF7CD0031C982 /* Localizable.strings in Resources */ = {isa = PBXBuildFile; fileRef = 380A9FE328FDF7CD0031C982 /* Localizable.strings */; };
		380A9FE628FE04F70031C982 /* String+extensions.swift in Sources */ = {isa = PBXBuildFile; fileRef = 380A9FE528FE04F70031C982 /* String+extensions.swift */; };
		38295E8F28FBFED80026BCB6 /* LocationManager.swift in Sources */ = {isa = PBXBuildFile; fileRef = 38295E8E28FBFED80026BCB6 /* LocationManager.swift */; };
		38411C8A28F82C5200A68D39 /* AppDelegate.swift in Sources */ = {isa = PBXBuildFile; fileRef = 38411C8928F82C5200A68D39 /* AppDelegate.swift */; };
		38411C8E28F82C5200A68D39 /* ViewController.swift in Sources */ = {isa = PBXBuildFile; fileRef = 38411C8D28F82C5200A68D39 /* ViewController.swift */; };
		38411C9128F82C5200A68D39 /* Main.storyboard in Resources */ = {isa = PBXBuildFile; fileRef = 38411C8F28F82C5200A68D39 /* Main.storyboard */; };
		38411C9328F82C5400A68D39 /* Assets.xcassets in Resources */ = {isa = PBXBuildFile; fileRef = 38411C9228F82C5400A68D39 /* Assets.xcassets */; };
		38411C9628F82C5400A68D39 /* LaunchScreen.storyboard in Resources */ = {isa = PBXBuildFile; fileRef = 38411C9428F82C5400A68D39 /* LaunchScreen.storyboard */; };
		3851EDFB28F9AE240078B67D /* SettingViewController.swift in Sources */ = {isa = PBXBuildFile; fileRef = 3851EDFA28F9AE240078B67D /* SettingViewController.swift */; };
		3851EDFD28F9F12F0078B67D /* СolorNight.swift in Sources */ = {isa = PBXBuildFile; fileRef = 3851EDFC28F9F12F0078B67D /* СolorNight.swift */; };
		3851EDFF28FACEF60078B67D /* CityWeather.swift in Sources */ = {isa = PBXBuildFile; fileRef = 3851EDFE28FACEF60078B67D /* CityWeather.swift */; };
		3851EE0128FAE1490078B67D /* CityTableViewCell.swift in Sources */ = {isa = PBXBuildFile; fileRef = 3851EE0028FAE1490078B67D /* CityTableViewCell.swift */; };
		38C73F1B28F852BB00CE1D47 /* Manager.swift in Sources */ = {isa = PBXBuildFile; fileRef = 38C73F1A28F852BB00CE1D47 /* Manager.swift */; };
		38C73F1D28F8572800CE1D47 /* CurrentWeather.swift in Sources */ = {isa = PBXBuildFile; fileRef = 38C73F1C28F8572800CE1D47 /* CurrentWeather.swift */; };
		38C73F1F28F8A31200CE1D47 /* StringProtocol+extensions.swift in Sources */ = {isa = PBXBuildFile; fileRef = 38C73F1E28F8A31200CE1D47 /* StringProtocol+extensions.swift */; };
		38C73F2228F8A58100CE1D47 /* WeatherTableViewCell.swift in Sources */ = {isa = PBXBuildFile; fileRef = 38C73F2128F8A58100CE1D47 /* WeatherTableViewCell.swift */; };
		38C73F2528F8AA2400CE1D47 /* ForecastWeather.swift in Sources */ = {isa = PBXBuildFile; fileRef = 38C73F2428F8AA2400CE1D47 /* ForecastWeather.swift */; };
/* End PBXBuildFile section */

/* Begin PBXFileReference section */
		380A9FDD28FDF1DF0031C982 /* ru */ = {isa = PBXFileReference; lastKnownFileType = text.plist.strings; name = ru; path = ru.lproj/Main.strings; sourceTree = "<group>"; };
		380A9FDE28FDF1E00031C982 /* ru */ = {isa = PBXFileReference; lastKnownFileType = text.plist.strings; name = ru; path = ru.lproj/LaunchScreen.strings; sourceTree = "<group>"; };
		380A9FE228FDF7CD0031C982 /* en */ = {isa = PBXFileReference; lastKnownFileType = text.plist.strings; name = en; path = en.lproj/Localizable.strings; sourceTree = "<group>"; };
		380A9FE428FDF7D70031C982 /* ru */ = {isa = PBXFileReference; lastKnownFileType = text.plist.strings; name = ru; path = ru.lproj/Localizable.strings; sourceTree = "<group>"; };
		380A9FE528FE04F70031C982 /* String+extensions.swift */ = {isa = PBXFileReference; lastKnownFileType = sourcecode.swift; path = "String+extensions.swift"; sourceTree = "<group>"; };
		38295E8E28FBFED80026BCB6 /* LocationManager.swift */ = {isa = PBXFileReference; lastKnownFileType = sourcecode.swift; path = LocationManager.swift; sourceTree = "<group>"; };
		38411C8628F82C5200A68D39 /* weather.app */ = {isa = PBXFileReference; explicitFileType = wrapper.application; includeInIndex = 0; path = weather.app; sourceTree = BUILT_PRODUCTS_DIR; };
		38411C8928F82C5200A68D39 /* AppDelegate.swift */ = {isa = PBXFileReference; lastKnownFileType = sourcecode.swift; path = AppDelegate.swift; sourceTree = "<group>"; };
		38411C8D28F82C5200A68D39 /* ViewController.swift */ = {isa = PBXFileReference; lastKnownFileType = sourcecode.swift; path = ViewController.swift; sourceTree = "<group>"; };
		38411C9028F82C5200A68D39 /* Base */ = {isa = PBXFileReference; lastKnownFileType = file.storyboard; name = Base; path = Base.lproj/Main.storyboard; sourceTree = "<group>"; };
		38411C9228F82C5400A68D39 /* Assets.xcassets */ = {isa = PBXFileReference; lastKnownFileType = folder.assetcatalog; path = Assets.xcassets; sourceTree = "<group>"; };
		38411C9528F82C5400A68D39 /* Base */ = {isa = PBXFileReference; lastKnownFileType = file.storyboard; name = Base; path = Base.lproj/LaunchScreen.storyboard; sourceTree = "<group>"; };
		38411C9728F82C5400A68D39 /* Info.plist */ = {isa = PBXFileReference; lastKnownFileType = text.plist.xml; path = Info.plist; sourceTree = "<group>"; };
		3851EDFA28F9AE240078B67D /* SettingViewController.swift */ = {isa = PBXFileReference; lastKnownFileType = sourcecode.swift; path = SettingViewController.swift; sourceTree = "<group>"; };
		3851EDFC28F9F12F0078B67D /* СolorNight.swift */ = {isa = PBXFileReference; lastKnownFileType = sourcecode.swift; path = "СolorNight.swift"; sourceTree = "<group>"; };
		3851EDFE28FACEF60078B67D /* CityWeather.swift */ = {isa = PBXFileReference; lastKnownFileType = sourcecode.swift; path = CityWeather.swift; sourceTree = "<group>"; };
		3851EE0028FAE1490078B67D /* CityTableViewCell.swift */ = {isa = PBXFileReference; lastKnownFileType = sourcecode.swift; path = CityTableViewCell.swift; sourceTree = "<group>"; };
		38C73F1A28F852BB00CE1D47 /* Manager.swift */ = {isa = PBXFileReference; lastKnownFileType = sourcecode.swift; path = Manager.swift; sourceTree = "<group>"; };
		38C73F1C28F8572800CE1D47 /* CurrentWeather.swift */ = {isa = PBXFileReference; lastKnownFileType = sourcecode.swift; path = CurrentWeather.swift; sourceTree = "<group>"; };
		38C73F1E28F8A31200CE1D47 /* StringProtocol+extensions.swift */ = {isa = PBXFileReference; lastKnownFileType = sourcecode.swift; path = "StringProtocol+extensions.swift"; sourceTree = "<group>"; };
		38C73F2128F8A58100CE1D47 /* WeatherTableViewCell.swift */ = {isa = PBXFileReference; lastKnownFileType = sourcecode.swift; path = WeatherTableViewCell.swift; sourceTree = "<group>"; };
		38C73F2428F8AA2400CE1D47 /* ForecastWeather.swift */ = {isa = PBXFileReference; lastKnownFileType = sourcecode.swift; path = ForecastWeather.swift; sourceTree = "<group>"; };
/* End PBXFileReference section */

/* Begin PBXFrameworksBuildPhase section */
		38411C8328F82C5200A68D39 /* Frameworks */ = {
			isa = PBXFrameworksBuildPhase;
			buildActionMask = 2147483647;
			files = (
			);
			runOnlyForDeploymentPostprocessing = 0;
		};
/* End PBXFrameworksBuildPhase section */

/* Begin PBXGroup section */
		38411C7D28F82C5200A68D39 = {
			isa = PBXGroup;
			children = (
				38411C8828F82C5200A68D39 /* weather */,
				38411C8728F82C5200A68D39 /* Products */,
			);
			sourceTree = "<group>";
		};
		38411C8728F82C5200A68D39 /* Products */ = {
			isa = PBXGroup;
			children = (
				38411C8628F82C5200A68D39 /* weather.app */,
			);
			name = Products;
			sourceTree = "<group>";
		};
		38411C8828F82C5200A68D39 /* weather */ = {
			isa = PBXGroup;
			children = (
				38C73F2028F8A32500CE1D47 /* Extensions */,
				38C73F1928F852A300CE1D47 /* Classes */,
				38411C9E28F82CCD00A68D39 /* Services */,
				38411C9D28F82C8900A68D39 /* Resources */,
				38411CA028F82CEB00A68D39 /* Controllers */,
				38C73F2328F8A58A00CE1D47 /* Cells */,
				38411C9F28F82CE200A68D39 /* Views */,
			);
			path = weather;
			sourceTree = "<group>";
		};
		38411C9D28F82C8900A68D39 /* Resources */ = {
			isa = PBXGroup;
			children = (
				38411C9728F82C5400A68D39 /* Info.plist */,
				38411C9228F82C5400A68D39 /* Assets.xcassets */,
				380A9FE328FDF7CD0031C982 /* Localizable.strings */,
			);
			path = Resources;
			sourceTree = "<group>";
		};
		38411C9E28F82CCD00A68D39 /* Services */ = {
			isa = PBXGroup;
			children = (
				38411C8928F82C5200A68D39 /* AppDelegate.swift */,
			);
			path = Services;
			sourceTree = "<group>";
		};
		38411C9F28F82CE200A68D39 /* Views */ = {
			isa = PBXGroup;
			children = (
				38411C8F28F82C5200A68D39 /* Main.storyboard */,
				38411C9428F82C5400A68D39 /* LaunchScreen.storyboard */,
			);
			path = Views;
			sourceTree = "<group>";
		};
		38411CA028F82CEB00A68D39 /* Controllers */ = {
			isa = PBXGroup;
			children = (
				38411C8D28F82C5200A68D39 /* ViewController.swift */,
				3851EDFA28F9AE240078B67D /* SettingViewController.swift */,
			);
			path = Controllers;
			sourceTree = "<group>";
		};
		38C73F1928F852A300CE1D47 /* Classes */ = {
			isa = PBXGroup;
			children = (
				3851EDFC28F9F12F0078B67D /* СolorNight.swift */,
				38C73F1A28F852BB00CE1D47 /* Manager.swift */,
				38295E8E28FBFED80026BCB6 /* LocationManager.swift */,
				3851EDFE28FACEF60078B67D /* CityWeather.swift */,
				38C73F1C28F8572800CE1D47 /* CurrentWeather.swift */,
				38C73F2428F8AA2400CE1D47 /* ForecastWeather.swift */,
			);
			path = Classes;
			sourceTree = "<group>";
		};
		38C73F2028F8A32500CE1D47 /* Extensions */ = {
			isa = PBXGroup;
			children = (
				38C73F1E28F8A31200CE1D47 /* StringProtocol+extensions.swift */,
				380A9FE528FE04F70031C982 /* String+extensions.swift */,
			);
			path = Extensions;
			sourceTree = "<group>";
		};
		38C73F2328F8A58A00CE1D47 /* Cells */ = {
			isa = PBXGroup;
			children = (
				38C73F2128F8A58100CE1D47 /* WeatherTableViewCell.swift */,
				3851EE0028FAE1490078B67D /* CityTableViewCell.swift */,
			);
			path = Cells;
			sourceTree = "<group>";
		};
/* End PBXGroup section */

/* Begin PBXNativeTarget section */
		38411C8528F82C5200A68D39 /* weather */ = {
			isa = PBXNativeTarget;
			buildConfigurationList = 38411C9A28F82C5400A68D39 /* Build configuration list for PBXNativeTarget "weather" */;
			buildPhases = (
				38411C8228F82C5200A68D39 /* Sources */,
				38411C8328F82C5200A68D39 /* Frameworks */,
				38411C8428F82C5200A68D39 /* Resources */,
			);
			buildRules = (
			);
			dependencies = (
			);
			name = weather;
			productName = weather;
			productReference = 38411C8628F82C5200A68D39 /* weather.app */;
			productType = "com.apple.product-type.application";
		};
/* End PBXNativeTarget section */

/* Begin PBXProject section */
		38411C7E28F82C5200A68D39 /* Project object */ = {
			isa = PBXProject;
			attributes = {
				BuildIndependentTargetsInParallel = 1;
				LastSwiftUpdateCheck = 1400;
				LastUpgradeCheck = 1400;
				TargetAttributes = {
					38411C8528F82C5200A68D39 = {
						CreatedOnToolsVersion = 14.0.1;
					};
				};
			};
			buildConfigurationList = 38411C8128F82C5200A68D39 /* Build configuration list for PBXProject "weather" */;
			compatibilityVersion = "Xcode 14.0";
			developmentRegion = en;
			hasScannedForEncodings = 0;
			knownRegions = (
				en,
				Base,
				ru,
			);
			mainGroup = 38411C7D28F82C5200A68D39;
			productRefGroup = 38411C8728F82C5200A68D39 /* Products */;
			projectDirPath = "";
			projectRoot = "";
			targets = (
				38411C8528F82C5200A68D39 /* weather */,
			);
		};
/* End PBXProject section */

/* Begin PBXResourcesBuildPhase section */
		38411C8428F82C5200A68D39 /* Resources */ = {
			isa = PBXResourcesBuildPhase;
			buildActionMask = 2147483647;
			files = (
				38411C9628F82C5400A68D39 /* LaunchScreen.storyboard in Resources */,
				380A9FE128FDF7CD0031C982 /* Localizable.strings in Resources */,
				38411C9328F82C5400A68D39 /* Assets.xcassets in Resources */,
				38411C9128F82C5200A68D39 /* Main.storyboard in Resources */,
			);
			runOnlyForDeploymentPostprocessing = 0;
		};
/* End PBXResourcesBuildPhase section */

/* Begin PBXSourcesBuildPhase section */
		38411C8228F82C5200A68D39 /* Sources */ = {
			isa = PBXSourcesBuildPhase;
			buildActionMask = 2147483647;
			files = (
				38C73F2228F8A58100CE1D47 /* WeatherTableViewCell.swift in Sources */,
				38411C8E28F82C5200A68D39 /* ViewController.swift in Sources */,
				38C73F2528F8AA2400CE1D47 /* ForecastWeather.swift in Sources */,
				3851EDFB28F9AE240078B67D /* SettingViewController.swift in Sources */,
				38C73F1B28F852BB00CE1D47 /* Manager.swift in Sources */,
				38C73F1D28F8572800CE1D47 /* CurrentWeather.swift in Sources */,
				3851EDFD28F9F12F0078B67D /* СolorNight.swift in Sources */,
				38C73F1F28F8A31200CE1D47 /* StringProtocol+extensions.swift in Sources */,
				38411C8A28F82C5200A68D39 /* AppDelegate.swift in Sources */,
				3851EDFF28FACEF60078B67D /* CityWeather.swift in Sources */,
				380A9FE628FE04F70031C982 /* String+extensions.swift in Sources */,
				38295E8F28FBFED80026BCB6 /* LocationManager.swift in Sources */,
				3851EE0128FAE1490078B67D /* CityTableViewCell.swift in Sources */,
			);
			runOnlyForDeploymentPostprocessing = 0;
		};
/* End PBXSourcesBuildPhase section */

/* Begin PBXVariantGroup section */
		380A9FE328FDF7CD0031C982 /* Localizable.strings */ = {
			isa = PBXVariantGroup;
			children = (
				380A9FE228FDF7CD0031C982 /* en */,
				380A9FE428FDF7D70031C982 /* ru */,
			);
			name = Localizable.strings;
			sourceTree = "<group>";
		};
		38411C8F28F82C5200A68D39 /* Main.storyboard */ = {
			isa = PBXVariantGroup;
			children = (
				38411C9028F82C5200A68D39 /* Base */,
				380A9FDD28FDF1DF0031C982 /* ru */,
			);
			name = Main.storyboard;
			sourceTree = "<group>";
		};
		38411C9428F82C5400A68D39 /* LaunchScreen.storyboard */ = {
			isa = PBXVariantGroup;
			children = (
				38411C9528F82C5400A68D39 /* Base */,
				380A9FDE28FDF1E00031C982 /* ru */,
			);
			name = LaunchScreen.storyboard;
			sourceTree = "<group>";
		};
/* End PBXVariantGroup section */

/* Begin XCBuildConfiguration section */
		38411C9828F82C5400A68D39 /* Debug */ = {
			isa = XCBuildConfiguration;
			buildSettings = {
				ALWAYS_SEARCH_USER_PATHS = NO;
				CLANG_ANALYZER_LOCALIZABILITY_NONLOCALIZED = YES;
				CLANG_ANALYZER_NONNULL = YES;
				CLANG_ANALYZER_NUMBER_OBJECT_CONVERSION = YES_AGGRESSIVE;
				CLANG_CXX_LANGUAGE_STANDARD = "gnu++20";
				CLANG_ENABLE_MODULES = YES;
				CLANG_ENABLE_OBJC_ARC = YES;
				CLANG_ENABLE_OBJC_WEAK = YES;
				CLANG_WARN_BLOCK_CAPTURE_AUTORELEASING = YES;
				CLANG_WARN_BOOL_CONVERSION = YES;
				CLANG_WARN_COMMA = YES;
				CLANG_WARN_CONSTANT_CONVERSION = YES;
				CLANG_WARN_DEPRECATED_OBJC_IMPLEMENTATIONS = YES;
				CLANG_WARN_DIRECT_OBJC_ISA_USAGE = YES_ERROR;
				CLANG_WARN_DOCUMENTATION_COMMENTS = YES;
				CLANG_WARN_EMPTY_BODY = YES;
				CLANG_WARN_ENUM_CONVERSION = YES;
				CLANG_WARN_INFINITE_RECURSION = YES;
				CLANG_WARN_INT_CONVERSION = YES;
				CLANG_WARN_NON_LITERAL_NULL_CONVERSION = YES;
				CLANG_WARN_OBJC_IMPLICIT_RETAIN_SELF = YES;
				CLANG_WARN_OBJC_LITERAL_CONVERSION = YES;
				CLANG_WARN_OBJC_ROOT_CLASS = YES_ERROR;
				CLANG_WARN_QUOTED_INCLUDE_IN_FRAMEWORK_HEADER = YES;
				CLANG_WARN_RANGE_LOOP_ANALYSIS = YES;
				CLANG_WARN_STRICT_PROTOTYPES = YES;
				CLANG_WARN_SUSPICIOUS_MOVE = YES;
				CLANG_WARN_UNGUARDED_AVAILABILITY = YES_AGGRESSIVE;
				CLANG_WARN_UNREACHABLE_CODE = YES;
				CLANG_WARN__DUPLICATE_METHOD_MATCH = YES;
				COPY_PHASE_STRIP = NO;
				DEBUG_INFORMATION_FORMAT = dwarf;
				ENABLE_STRICT_OBJC_MSGSEND = YES;
				ENABLE_TESTABILITY = YES;
				GCC_C_LANGUAGE_STANDARD = gnu11;
				GCC_DYNAMIC_NO_PIC = NO;
				GCC_NO_COMMON_BLOCKS = YES;
				GCC_OPTIMIZATION_LEVEL = 0;
				GCC_PREPROCESSOR_DEFINITIONS = (
					"DEBUG=1",
					"$(inherited)",
				);
				GCC_WARN_64_TO_32_BIT_CONVERSION = YES;
				GCC_WARN_ABOUT_RETURN_TYPE = YES_ERROR;
				GCC_WARN_UNDECLARED_SELECTOR = YES;
				GCC_WARN_UNINITIALIZED_AUTOS = YES_AGGRESSIVE;
				GCC_WARN_UNUSED_FUNCTION = YES;
				GCC_WARN_UNUSED_VARIABLE = YES;
				IPHONEOS_DEPLOYMENT_TARGET = 16.0;
				MTL_ENABLE_DEBUG_INFO = INCLUDE_SOURCE;
				MTL_FAST_MATH = YES;
				ONLY_ACTIVE_ARCH = YES;
				SDKROOT = iphoneos;
				SWIFT_ACTIVE_COMPILATION_CONDITIONS = DEBUG;
				SWIFT_OPTIMIZATION_LEVEL = "-Onone";
			};
			name = Debug;
		};
		38411C9928F82C5400A68D39 /* Release */ = {
			isa = XCBuildConfiguration;
			buildSettings = {
				ALWAYS_SEARCH_USER_PATHS = NO;
				CLANG_ANALYZER_LOCALIZABILITY_NONLOCALIZED = YES;
				CLANG_ANALYZER_NONNULL = YES;
				CLANG_ANALYZER_NUMBER_OBJECT_CONVERSION = YES_AGGRESSIVE;
				CLANG_CXX_LANGUAGE_STANDARD = "gnu++20";
				CLANG_ENABLE_MODULES = YES;
				CLANG_ENABLE_OBJC_ARC = YES;
				CLANG_ENABLE_OBJC_WEAK = YES;
				CLANG_WARN_BLOCK_CAPTURE_AUTORELEASING = YES;
				CLANG_WARN_BOOL_CONVERSION = YES;
				CLANG_WARN_COMMA = YES;
				CLANG_WARN_CONSTANT_CONVERSION = YES;
				CLANG_WARN_DEPRECATED_OBJC_IMPLEMENTATIONS = YES;
				CLANG_WARN_DIRECT_OBJC_ISA_USAGE = YES_ERROR;
				CLANG_WARN_DOCUMENTATION_COMMENTS = YES;
				CLANG_WARN_EMPTY_BODY = YES;
				CLANG_WARN_ENUM_CONVERSION = YES;
				CLANG_WARN_INFINITE_RECURSION = YES;
				CLANG_WARN_INT_CONVERSION = YES;
				CLANG_WARN_NON_LITERAL_NULL_CONVERSION = YES;
				CLANG_WARN_OBJC_IMPLICIT_RETAIN_SELF = YES;
				CLANG_WARN_OBJC_LITERAL_CONVERSION = YES;
				CLANG_WARN_OBJC_ROOT_CLASS = YES_ERROR;
				CLANG_WARN_QUOTED_INCLUDE_IN_FRAMEWORK_HEADER = YES;
				CLANG_WARN_RANGE_LOOP_ANALYSIS = YES;
				CLANG_WARN_STRICT_PROTOTYPES = YES;
				CLANG_WARN_SUSPICIOUS_MOVE = YES;
				CLANG_WARN_UNGUARDED_AVAILABILITY = YES_AGGRESSIVE;
				CLANG_WARN_UNREACHABLE_CODE = YES;
				CLANG_WARN__DUPLICATE_METHOD_MATCH = YES;
				COPY_PHASE_STRIP = NO;
				DEBUG_INFORMATION_FORMAT = "dwarf-with-dsym";
				ENABLE_NS_ASSERTIONS = NO;
				ENABLE_STRICT_OBJC_MSGSEND = YES;
				GCC_C_LANGUAGE_STANDARD = gnu11;
				GCC_NO_COMMON_BLOCKS = YES;
				GCC_WARN_64_TO_32_BIT_CONVERSION = YES;
				GCC_WARN_ABOUT_RETURN_TYPE = YES_ERROR;
				GCC_WARN_UNDECLARED_SELECTOR = YES;
				GCC_WARN_UNINITIALIZED_AUTOS = YES_AGGRESSIVE;
				GCC_WARN_UNUSED_FUNCTION = YES;
				GCC_WARN_UNUSED_VARIABLE = YES;
				IPHONEOS_DEPLOYMENT_TARGET = 16.0;
				MTL_ENABLE_DEBUG_INFO = NO;
				MTL_FAST_MATH = YES;
				SDKROOT = iphoneos;
				SWIFT_COMPILATION_MODE = wholemodule;
				SWIFT_OPTIMIZATION_LEVEL = "-O";
				VALIDATE_PRODUCT = YES;
			};
			name = Release;
		};
		38411C9B28F82C5400A68D39 /* Debug */ = {
			isa = XCBuildConfiguration;
			buildSettings = {
				ASSETCATALOG_COMPILER_APPICON_NAME = AppIcon;
				ASSETCATALOG_COMPILER_GLOBAL_ACCENT_COLOR_NAME = AccentColor;
				ASSETCATALOG_COMPILER_INCLUDE_ALL_APPICON_ASSETS = NO;
				CODE_SIGN_IDENTITY = "Apple Development";
				CODE_SIGN_STYLE = Automatic;
				CURRENT_PROJECT_VERSION = 1;
				DEVELOPMENT_TEAM = 462D494MHU;
				GENERATE_INFOPLIST_FILE = YES;
				INFOPLIST_FILE = weather/Resources/Info.plist;
				INFOPLIST_KEY_LSApplicationCategoryType = "public.app-category.weather";
				INFOPLIST_KEY_NSLocationAlwaysAndWhenInUseUsageDescription = "Pleease add";
				INFOPLIST_KEY_NSLocationUsageDescription = "Pleease add";
				INFOPLIST_KEY_NSLocationWhenInUseUsageDescription = "Pleease add";
				INFOPLIST_KEY_UIApplicationSupportsIndirectInputEvents = YES;
				INFOPLIST_KEY_UILaunchStoryboardName = LaunchScreen;
				INFOPLIST_KEY_UIMainStoryboardFile = Main;
				INFOPLIST_KEY_UISupportedInterfaceOrientations = UIInterfaceOrientationPortrait;
				INFOPLIST_KEY_UISupportedInterfaceOrientations_iPad = "UIInterfaceOrientationLandscapeLeft UIInterfaceOrientationLandscapeRight UIInterfaceOrientationPortrait UIInterfaceOrientationPortraitUpsideDown";
				LD_RUNPATH_SEARCH_PATHS = (
					"$(inherited)",
					"@executable_path/Frameworks",
				);
				MARKETING_VERSION = 1.0;
				PRODUCT_BUNDLE_IDENTIFIER = "Dmitriy-Paranichev.weather";
				PRODUCT_NAME = "$(TARGET_NAME)";
				PROVISIONING_PROFILE_SPECIFIER = "";
				SUPPORTED_PLATFORMS = "iphoneos iphonesimulator";
				SUPPORTS_MACCATALYST = NO;
				SUPPORTS_MAC_DESIGNED_FOR_IPHONE_IPAD = NO;
				SWIFT_EMIT_LOC_STRINGS = YES;
				SWIFT_VERSION = 5.0;
				TARGETED_DEVICE_FAMILY = 1;
			};
			name = Debug;
		};
		38411C9C28F82C5400A68D39 /* Release */ = {
			isa = XCBuildConfiguration;
			buildSettings = {
				ASSETCATALOG_COMPILER_APPICON_NAME = AppIcon;
				ASSETCATALOG_COMPILER_GLOBAL_ACCENT_COLOR_NAME = AccentColor;
				ASSETCATALOG_COMPILER_INCLUDE_ALL_APPICON_ASSETS = NO;
				CODE_SIGN_IDENTITY = "Apple Development";
				CODE_SIGN_STYLE = Automatic;
				CURRENT_PROJECT_VERSION = 1;
				DEVELOPMENT_TEAM = 462D494MHU;
				GENERATE_INFOPLIST_FILE = YES;
				INFOPLIST_FILE = weather/Resources/Info.plist;
				INFOPLIST_KEY_LSApplicationCategoryType = "public.app-category.weather";
				INFOPLIST_KEY_NSLocationAlwaysAndWhenInUseUsageDescription = "Pleease add";
				INFOPLIST_KEY_NSLocationUsageDescription = "Pleease add";
				INFOPLIST_KEY_NSLocationWhenInUseUsageDescription = "Pleease add";
				INFOPLIST_KEY_UIApplicationSupportsIndirectInputEvents = YES;
				INFOPLIST_KEY_UILaunchStoryboardName = LaunchScreen;
				INFOPLIST_KEY_UIMainStoryboardFile = Main;
				INFOPLIST_KEY_UISupportedInterfaceOrientations = UIInterfaceOrientationPortrait;
				INFOPLIST_KEY_UISupportedInterfaceOrientations_iPad = "UIInterfaceOrientationLandscapeLeft UIInterfaceOrientationLandscapeRight UIInterfaceOrientationPortrait UIInterfaceOrientationPortraitUpsideDown";
				LD_RUNPATH_SEARCH_PATHS = (
					"$(inherited)",
					"@executable_path/Frameworks",
				);
				MARKETING_VERSION = 1.0;
				PRODUCT_BUNDLE_IDENTIFIER = "Dmitriy-Paranichev.weather";
				PRODUCT_NAME = "$(TARGET_NAME)";
				PROVISIONING_PROFILE_SPECIFIER = "";
				SUPPORTED_PLATFORMS = "iphoneos iphonesimulator";
				SUPPORTS_MACCATALYST = NO;
				SUPPORTS_MAC_DESIGNED_FOR_IPHONE_IPAD = NO;
				SWIFT_EMIT_LOC_STRINGS = YES;
				SWIFT_VERSION = 5.0;
				TARGETED_DEVICE_FAMILY = 1;
			};
			name = Release;
		};
/* End XCBuildConfiguration section */

/* Begin XCConfigurationList section */
		38411C8128F82C5200A68D39 /* Build configuration list for PBXProject "weather" */ = {
			isa = XCConfigurationList;
			buildConfigurations = (
				38411C9828F82C5400A68D39 /* Debug */,
				38411C9928F82C5400A68D39 /* Release */,
			);
			defaultConfigurationIsVisible = 0;
			defaultConfigurationName = Release;
		};
		38411C9A28F82C5400A68D39 /* Build configuration list for PBXNativeTarget "weather" */ = {
			isa = XCConfigurationList;
			buildConfigurations = (
				38411C9B28F82C5400A68D39 /* Debug */,
				38411C9C28F82C5400A68D39 /* Release */,
			);
			defaultConfigurationIsVisible = 0;
			defaultConfigurationName = Release;
		};
/* End XCConfigurationList section */
	};
	rootObject = 38411C7E28F82C5200A68D39 /* Project object */;
}
